
Microsoft Visual Studio Solution File, Format Version 12.00
# Visual Studio Version 16
VisualStudioVersion = 16.0.29230.47
MinimumVisualStudioVersion = 10.0.40219.1
Project("{FAE04EC0-301F-11D3-BF4B-00C04F79EFBC}") = "VentaDeRepuestos", "VentaDeRepuestos\VentaDeRepuestos.csproj", "{F3398E7A-CB80-49BD-837E-0F75064C8869}"
EndProject
Global
	GlobalSection(SolutionConfigurationPlatforms) = preSolution
		Debug|Any CPU = Debug|Any CPU
		Release|Any CPU = Release|Any CPU
	EndGlobalSection
	GlobalSection(ProjectConfigurationPlatforms) = postSolution
		{F3398E7A-CB80-49BD-837E-0F75064C8869}.Debug|Any CPU.ActiveCfg = Debug|Any CPU
		{F3398E7A-CB80-49BD-837E-0F75064C8869}.Debug|Any CPU.Build.0 = Debug|Any CPU
		{F3398E7A-CB80-49BD-837E-0F75064C8869}.Release|Any CPU.ActiveCfg = Release|Any CPU
		{F3398E7A-CB80-49BD-837E-0F75064C8869}.Release|Any CPU.Build.0 = Release|Any CPU
	EndGlobalSection
	GlobalSection(SolutionProperties) = preSolution
		HideSolutionNode = FALSE
	EndGlobalSection
	GlobalSection(ExtensibilityGlobals) = postSolution
		SolutionGuid = {69037AF9-8D0A-433C-8CE3-A761DD06E86F}
	EndGlobalSection
EndGlobal
